
Microsoft Visual Studio Solution File, Format Version 12.00
# Visual Studio Version 17
VisualStudioVersion = 17.13.35931.197 d17.13
MinimumVisualStudioVersion = 10.0.40219.1
Project("{8BC9CEB8-8B4A-11D0-8D11-00A0C91BC942}") = "sort", "sort.vcxproj", "{1C9EDF91-0F38-4520-948E-16BA669258C2}"
EndProject
Global
	GlobalSection(SolutionConfigurationPlatforms) = preSolution
		Debug|x64 = Debug|x64
		Debug|x86 = Debug|x86
		Release|x64 = Release|x64
		Release|x86 = Release|x86
	EndGlobalSection
	GlobalSection(ProjectConfigurationPlatforms) = postSolution
		{1C9EDF91-0F38-4520-948E-16BA669258C2}.Debug|x64.ActiveCfg = Debug|x64
		{1C9EDF91-0F38-4520-948E-16BA669258C2}.Debug|x64.Build.0 = Debug|x64
		{1C9EDF91-0F38-4520-948E-16BA669258C2}.Debug|x86.ActiveCfg = Debug|Win32
		{1C9EDF91-0F38-4520-948E-16BA669258C2}.Debug|x86.Build.0 = Debug|Win32
		{1C9EDF91-0F38-4520-948E-16BA669258C2}.Release|x64.ActiveCfg = Release|x64
		{1C9EDF91-0F38-4520-948E-16BA669258C2}.Release|x64.Build.0 = Release|x64
		{1C9EDF91-0F38-4520-948E-16BA669258C2}.Release|x86.ActiveCfg = Release|Win32
		{1C9EDF91-0F38-4520-948E-16BA669258C2}.Release|x86.Build.0 = Release|Win32
	EndGlobalSection
	GlobalSection(SolutionProperties) = preSolution
		HideSolutionNode = FALSE
	EndGlobalSection
	GlobalSection(ExtensibilityGlobals) = postSolution
		SolutionGuid = {86C6A34E-1CAC-4295-8483-8FA616580ABB}
	EndGlobalSection
EndGlobal
