
Microsoft Visual Studio Solution File, Format Version 12.00
# Visual Studio Version 17
VisualStudioVersion = 17.13.35931.197 d17.13
MinimumVisualStudioVersion = 10.0.40219.1
Project("{8BC9CEB8-8B4A-11D0-8D11-00A0C91BC942}") = "mismatch", "mismatch.vcxproj", "{49387AE1-3018-4A05-B55F-276FDE4384CE}"
EndProject
Global
	GlobalSection(SolutionConfigurationPlatforms) = preSolution
		Debug|x64 = Debug|x64
		Debug|x86 = Debug|x86
		Release|x64 = Release|x64
		Release|x86 = Release|x86
	EndGlobalSection
	GlobalSection(ProjectConfigurationPlatforms) = postSolution
		{49387AE1-3018-4A05-B55F-276FDE4384CE}.Debug|x64.ActiveCfg = Debug|x64
		{49387AE1-3018-4A05-B55F-276FDE4384CE}.Debug|x64.Build.0 = Debug|x64
		{49387AE1-3018-4A05-B55F-276FDE4384CE}.Debug|x86.ActiveCfg = Debug|Win32
		{49387AE1-3018-4A05-B55F-276FDE4384CE}.Debug|x86.Build.0 = Debug|Win32
		{49387AE1-3018-4A05-B55F-276FDE4384CE}.Release|x64.ActiveCfg = Release|x64
		{49387AE1-3018-4A05-B55F-276FDE4384CE}.Release|x64.Build.0 = Release|x64
		{49387AE1-3018-4A05-B55F-276FDE4384CE}.Release|x86.ActiveCfg = Release|Win32
		{49387AE1-3018-4A05-B55F-276FDE4384CE}.Release|x86.Build.0 = Release|Win32
	EndGlobalSection
	GlobalSection(SolutionProperties) = preSolution
		HideSolutionNode = FALSE
	EndGlobalSection
	GlobalSection(ExtensibilityGlobals) = postSolution
		SolutionGuid = {AF4D5FFD-5662-4DDE-A649-5A3A440A1361}
	EndGlobalSection
EndGlobal
