
Microsoft Visual Studio Solution File, Format Version 12.00
# Visual Studio Version 17
VisualStudioVersion = 17.13.35931.197 d17.13
MinimumVisualStudioVersion = 10.0.40219.1
Project("{8BC9CEB8-8B4A-11D0-8D11-00A0C91BC942}") = "generate, generate_n", "generate, generate_n.vcxproj", "{A74EAE5A-1BA8-4D6D-AD3C-03CA85BFD642}"
EndProject
Global
	GlobalSection(SolutionConfigurationPlatforms) = preSolution
		Debug|x64 = Debug|x64
		Debug|x86 = Debug|x86
		Release|x64 = Release|x64
		Release|x86 = Release|x86
	EndGlobalSection
	GlobalSection(ProjectConfigurationPlatforms) = postSolution
		{A74EAE5A-1BA8-4D6D-AD3C-03CA85BFD642}.Debug|x64.ActiveCfg = Debug|x64
		{A74EAE5A-1BA8-4D6D-AD3C-03CA85BFD642}.Debug|x64.Build.0 = Debug|x64
		{A74EAE5A-1BA8-4D6D-AD3C-03CA85BFD642}.Debug|x86.ActiveCfg = Debug|Win32
		{A74EAE5A-1BA8-4D6D-AD3C-03CA85BFD642}.Debug|x86.Build.0 = Debug|Win32
		{A74EAE5A-1BA8-4D6D-AD3C-03CA85BFD642}.Release|x64.ActiveCfg = Release|x64
		{A74EAE5A-1BA8-4D6D-AD3C-03CA85BFD642}.Release|x64.Build.0 = Release|x64
		{A74EAE5A-1BA8-4D6D-AD3C-03CA85BFD642}.Release|x86.ActiveCfg = Release|Win32
		{A74EAE5A-1BA8-4D6D-AD3C-03CA85BFD642}.Release|x86.Build.0 = Release|Win32
	EndGlobalSection
	GlobalSection(SolutionProperties) = preSolution
		HideSolutionNode = FALSE
	EndGlobalSection
	GlobalSection(ExtensibilityGlobals) = postSolution
		SolutionGuid = {453AF91C-A3EF-4D8A-8C9D-F747D4FB0351}
	EndGlobalSection
EndGlobal
